
Microsoft Visual Studio Solution File, Format Version 12.00
# Visual Studio Version 16
VisualStudioVersion = 16.0.30503.244
MinimumVisualStudioVersion = 10.0.40219.1
Project("{9A19103F-16F7-4668-BE54-9A1E7A4F7556}") = "LLCD.CourseContent", "LLCD.CourseContent\LLCD.CourseContent.csproj", "{3D56B05B-C208-4158-A490-A4E800D2C205}"
EndProject
Project("{9A19103F-16F7-4668-BE54-9A1E7A4F7556}") = "LLCD.CourseExtractor", "LLCD.CourseExtractor\LLCD.CourseExtractor.csproj", "{9C7CB154-490F-4C7A-8AAD-76DB2C99FDC9}"
EndProject
Project("{9A19103F-16F7-4668-BE54-9A1E7A4F7556}") = "LLCD.CourseExtractor.Tests", "LLCD.CourseExtractor.Tests\LLCD.CourseExtractor.Tests.csproj", "{5A2ACBAA-B748-4FF5-AD53-FC37FE5C3346}"
EndProject
Project("{9A19103F-16F7-4668-BE54-9A1E7A4F7556}") = "LLCD.DownloaderConfig", "LLCD.DownloaderConfig\LLCD.DownloaderConfig.csproj", "{7C6E6403-A2B5-49E8-A523-BD301C7875C1}"
EndProject
Project("{FAE04EC0-301F-11D3-BF4B-00C04F79EFBC}") = "LLCD.LinkVault", "LLCD.LinkVault\LLCD.LinkVault.csproj", "{C50B0083-F1E8-48E1-A256-C98737DE31B6}"
EndProject
Global
	GlobalSection(SolutionConfigurationPlatforms) = preSolution
		Debug|Any CPU = Debug|Any CPU
		Debug|x64 = Debug|x64
		Debug|x86 = Debug|x86
		Release|Any CPU = Release|Any CPU
		Release|x64 = Release|x64
		Release|x86 = Release|x86
	EndGlobalSection
	GlobalSection(ProjectConfigurationPlatforms) = postSolution
		{3D56B05B-C208-4158-A490-A4E800D2C205}.Debug|Any CPU.ActiveCfg = Debug|Any CPU
		{3D56B05B-C208-4158-A490-A4E800D2C205}.Debug|Any CPU.Build.0 = Debug|Any CPU
		{3D56B05B-C208-4158-A490-A4E800D2C205}.Debug|x64.ActiveCfg = Debug|x64
		{3D56B05B-C208-4158-A490-A4E800D2C205}.Debug|x64.Build.0 = Debug|x64
		{3D56B05B-C208-4158-A490-A4E800D2C205}.Debug|x86.ActiveCfg = Debug|Any CPU
		{3D56B05B-C208-4158-A490-A4E800D2C205}.Debug|x86.Build.0 = Debug|Any CPU
		{3D56B05B-C208-4158-A490-A4E800D2C205}.Release|Any CPU.ActiveCfg = Release|Any CPU
		{3D56B05B-C208-4158-A490-A4E800D2C205}.Release|Any CPU.Build.0 = Release|Any CPU
		{3D56B05B-C208-4158-A490-A4E800D2C205}.Release|x64.ActiveCfg = Release|Any CPU
		{3D56B05B-C208-4158-A490-A4E800D2C205}.Release|x64.Build.0 = Release|Any CPU
		{3D56B05B-C208-4158-A490-A4E800D2C205}.Release|x86.ActiveCfg = Release|Any CPU
		{3D56B05B-C208-4158-A490-A4E800D2C205}.Release|x86.Build.0 = Release|Any CPU
		{9C7CB154-490F-4C7A-8AAD-76DB2C99FDC9}.Debug|Any CPU.ActiveCfg = Debug|Any CPU
		{9C7CB154-490F-4C7A-8AAD-76DB2C99FDC9}.Debug|Any CPU.Build.0 = Debug|Any CPU
		{9C7CB154-490F-4C7A-8AAD-76DB2C99FDC9}.Debug|x64.ActiveCfg = Debug|x64
		{9C7CB154-490F-4C7A-8AAD-76DB2C99FDC9}.Debug|x64.Build.0 = Debug|x64
		{9C7CB154-490F-4C7A-8AAD-76DB2C99FDC9}.Debug|x86.ActiveCfg = Debug|Any CPU
		{9C7CB154-490F-4C7A-8AAD-76DB2C99FDC9}.Debug|x86.Build.0 = Debug|Any CPU
		{9C7CB154-490F-4C7A-8AAD-76DB2C99FDC9}.Release|Any CPU.ActiveCfg = Release|Any CPU
		{9C7CB154-490F-4C7A-8AAD-76DB2C99FDC9}.Release|Any CPU.Build.0 = Release|Any CPU
		{9C7CB154-490F-4C7A-8AAD-76DB2C99FDC9}.Release|x64.ActiveCfg = Release|Any CPU
		{9C7CB154-490F-4C7A-8AAD-76DB2C99FDC9}.Release|x64.Build.0 = Release|Any CPU
		{9C7CB154-490F-4C7A-8AAD-76DB2C99FDC9}.Release|x86.ActiveCfg = Release|Any CPU
		{9C7CB154-490F-4C7A-8AAD-76DB2C99FDC9}.Release|x86.Build.0 = Release|Any CPU
		{5A2ACBAA-B748-4FF5-AD53-FC37FE5C3346}.Debug|Any CPU.ActiveCfg = Debug|Any CPU
		{5A2ACBAA-B748-4FF5-AD53-FC37FE5C3346}.Debug|Any CPU.Build.0 = Debug|Any CPU
		{5A2ACBAA-B748-4FF5-AD53-FC37FE5C3346}.Debug|x64.ActiveCfg = Debug|x64
		{5A2ACBAA-B748-4FF5-AD53-FC37FE5C3346}.Debug|x64.Build.0 = Debug|x64
		{5A2ACBAA-B748-4FF5-AD53-FC37FE5C3346}.Debug|x86.ActiveCfg = Debug|Any CPU
		{5A2ACBAA-B748-4FF5-AD53-FC37FE5C3346}.Debug|x86.Build.0 = Debug|Any CPU
		{5A2ACBAA-B748-4FF5-AD53-FC37FE5C3346}.Release|Any CPU.ActiveCfg = Release|Any CPU
		{5A2ACBAA-B748-4FF5-AD53-FC37FE5C3346}.Release|Any CPU.Build.0 = Release|Any CPU
		{5A2ACBAA-B748-4FF5-AD53-FC37FE5C3346}.Release|x64.ActiveCfg = Release|Any CPU
		{5A2ACBAA-B748-4FF5-AD53-FC37FE5C3346}.Release|x64.Build.0 = Release|Any CPU
		{5A2ACBAA-B748-4FF5-AD53-FC37FE5C3346}.Release|x86.ActiveCfg = Release|Any CPU
		{5A2ACBAA-B748-4FF5-AD53-FC37FE5C3346}.Release|x86.Build.0 = Release|Any CPU
		{7C6E6403-A2B5-49E8-A523-BD301C7875C1}.Debug|Any CPU.ActiveCfg = Debug|Any CPU
		{7C6E6403-A2B5-49E8-A523-BD301C7875C1}.Debug|Any CPU.Build.0 = Debug|Any CPU
		{7C6E6403-A2B5-49E8-A523-BD301C7875C1}.Debug|x64.ActiveCfg = Debug|x64
		{7C6E6403-A2B5-49E8-A523-BD301C7875C1}.Debug|x64.Build.0 = Debug|x64
		{7C6E6403-A2B5-49E8-A523-BD301C7875C1}.Debug|x86.ActiveCfg = Debug|Any CPU
		{7C6E6403-A2B5-49E8-A523-BD301C7875C1}.Debug|x86.Build.0 = Debug|Any CPU
		{7C6E6403-A2B5-49E8-A523-BD301C7875C1}.Release|Any CPU.ActiveCfg = Release|Any CPU
		{7C6E6403-A2B5-49E8-A523-BD301C7875C1}.Release|Any CPU.Build.0 = Release|Any CPU
		{7C6E6403-A2B5-49E8-A523-BD301C7875C1}.Release|x64.ActiveCfg = Release|Any CPU
		{7C6E6403-A2B5-49E8-A523-BD301C7875C1}.Release|x64.Build.0 = Release|Any CPU
		{7C6E6403-A2B5-49E8-A523-BD301C7875C1}.Release|x86.ActiveCfg = Release|Any CPU
		{7C6E6403-A2B5-49E8-A523-BD301C7875C1}.Release|x86.Build.0 = Release|Any CPU
		{C50B0083-F1E8-48E1-A256-C98737DE31B6}.Debug|Any CPU.ActiveCfg = Debug|Any CPU
		{C50B0083-F1E8-48E1-A256-C98737DE31B6}.Debug|Any CPU.Build.0 = Debug|Any CPU
		{C50B0083-F1E8-48E1-A256-C98737DE31B6}.Debug|x64.ActiveCfg = Debug|Any CPU
		{C50B0083-F1E8-48E1-A256-C98737DE31B6}.Debug|x64.Build.0 = Debug|Any CPU
		{C50B0083-F1E8-48E1-A256-C98737DE31B6}.Debug|x86.ActiveCfg = Debug|Any CPU
		{C50B0083-F1E8-48E1-A256-C98737DE31B6}.Debug|x86.Build.0 = Debug|Any CPU
		{C50B0083-F1E8-48E1-A256-C98737DE31B6}.Release|Any CPU.ActiveCfg = Release|Any CPU
		{C50B0083-F1E8-48E1-A256-C98737DE31B6}.Release|Any CPU.Build.0 = Release|Any CPU
		{C50B0083-F1E8-48E1-A256-C98737DE31B6}.Release|x64.ActiveCfg = Release|Any CPU
		{C50B0083-F1E8-48E1-A256-C98737DE31B6}.Release|x64.Build.0 = Release|Any CPU
		{C50B0083-F1E8-48E1-A256-C98737DE31B6}.Release|x86.ActiveCfg = Release|Any CPU
		{C50B0083-F1E8-48E1-A256-C98737DE31B6}.Release|x86.Build.0 = Release|Any CPU
	EndGlobalSection
	GlobalSection(SolutionProperties) = preSolution
		HideSolutionNode = FALSE
	EndGlobalSection
	GlobalSection(ExtensibilityGlobals) = postSolution
		SolutionGuid = {96744937-7EDD-492A-A44A-AB6B94901CC6}
	EndGlobalSection
EndGlobal
